github.com/frjo/hugo-theme-zen/v4 v4.3.0 h1:ipkn+d65yWgDSBxdLoI3kyiOXoja7q2yKai9paUCVwI=
github.com/frjo/hugo-theme-zen/v4 v4.3.0/go.mod h1:ZPkZzwrQ7qIWkmXbG3MC+IZXBPCaEH9gMXubiPVMX64=
github.com/willfaught/paige v0.92.0 h1:6vW2y31Z9Kf2l0M1U56GmqXz3ldtFU66rtaA4RGqXT0=
github.com/willfaught/paige v0.92.0/go.mod h1:0Nt8ifl7UVYQIBaMtpZmg+BrQHHzFNqKcrBoA2Oo4/E=
