github.com/gosimple/slug v1.15.0 h1:wRZHsRrRcs6b0XnxMUBM6WK1U1Vg5B0R7VkIf1Xzobo=
github.com/gosimple/slug v1.15.0/go.mod h1:UiRaFH+GEilHstLUmcBgWcI42viBN7mAb818JrYOeFQ=
github.com/gosimple/unidecode v1.0.1 h1:hZzFTMMqSswvf0LBJZCZgThIZrpDHFXux9KeGmn6T/o=
github.com/gosimple/unidecode v1.0.1/go.mod h1:CP0Cr1Y1kogOtx0bJblKzsVWrqYaqfNOnHzpgWw4Awc=
github.com/pfadfinder-konstanz/hugo-dpsg v0.0.0-20241230153742-cfa903e0f4ac h1:FHllW9R+ybpaXLVWWydMXU5ugqdGZPXXMj4LwwEGtRw=
github.com/pfadfinder-konstanz/hugo-dpsg v0.0.0-20241230153742-cfa903e0f4ac/go.mod h1:2XEzYZMoA15ktGbwbDZj+6C4YwkJoFZblFB7DnCK9H4=
golang.org/x/net v0.37.0 h1:1zLorHbz+LYj7MQlSf1+2tPIIgibq2eL5xkrGk6f+2c=
golang.org/x/net v0.37.0/go.mod h1:ivrbrMbzFq5J41QOQh0siUuly180yBYtLp+CKbEaFx8=
